
Microsoft Visual Studio Solution File, Format Version 12.00
# Visual Studio Version 16
VisualStudioVersion = 16.0.30523.141
MinimumVisualStudioVersion = 10.0.40219.1
Project("{FAE04EC0-301F-11D3-BF4B-00C04F79EFBC}") = "RaceTrack.Web", "RaceTrack.Web\RaceTrack.Web.csproj", "{393AB6FB-2F63-4A65-82E5-0193702FEF83}"
EndProject
Project("{FAE04EC0-301F-11D3-BF4B-00C04F79EFBC}") = "RaceTrack.Test", "RaceTrack.Test\RaceTrack.Test.csproj", "{CA2A1A17-D6AD-46AF-BA49-B41D74DA5534}"
EndProject
Global
	GlobalSection(SolutionConfigurationPlatforms) = preSolution
		Debug|Any CPU = Debug|Any CPU
		Release|Any CPU = Release|Any CPU
	EndGlobalSection
	GlobalSection(ProjectConfigurationPlatforms) = postSolution
		{393AB6FB-2F63-4A65-82E5-0193702FEF83}.Debug|Any CPU.ActiveCfg = Debug|Any CPU
		{393AB6FB-2F63-4A65-82E5-0193702FEF83}.Debug|Any CPU.Build.0 = Debug|Any CPU
		{393AB6FB-2F63-4A65-82E5-0193702FEF83}.Release|Any CPU.ActiveCfg = Release|Any CPU
		{393AB6FB-2F63-4A65-82E5-0193702FEF83}.Release|Any CPU.Build.0 = Release|Any CPU
		{CA2A1A17-D6AD-46AF-BA49-B41D74DA5534}.Debug|Any CPU.ActiveCfg = Debug|Any CPU
		{CA2A1A17-D6AD-46AF-BA49-B41D74DA5534}.Debug|Any CPU.Build.0 = Debug|Any CPU
		{CA2A1A17-D6AD-46AF-BA49-B41D74DA5534}.Release|Any CPU.ActiveCfg = Release|Any CPU
		{CA2A1A17-D6AD-46AF-BA49-B41D74DA5534}.Release|Any CPU.Build.0 = Release|Any CPU
	EndGlobalSection
	GlobalSection(SolutionProperties) = preSolution
		HideSolutionNode = FALSE
	EndGlobalSection
	GlobalSection(ExtensibilityGlobals) = postSolution
		SolutionGuid = {D6346649-7D9B-4172-8489-8B910D297440}
	EndGlobalSection
EndGlobal
